
Microsoft Visual Studio Solution File, Format Version 12.00
# Visual Studio Version 16
VisualStudioVersion = 16.0.29306.81
MinimumVisualStudioVersion = 10.0.40219.1
Project("{FAE04EC0-301F-11D3-BF4B-00C04F79EFBC}") = "TrustedLicensesTester", "TrustedLicensesTester\TrustedLicensesTester.csproj", "{69FF93D5-CAF2-4AAF-882A-30BB0B81C5D6}"
EndProject
Global
	GlobalSection(SolutionConfigurationPlatforms) = preSolution
		Debug|Any CPU = Debug|Any CPU
		Release|Any CPU = Release|Any CPU
	EndGlobalSection
	GlobalSection(ProjectConfigurationPlatforms) = postSolution
		{69FF93D5-CAF2-4AAF-882A-30BB0B81C5D6}.Debug|Any CPU.ActiveCfg = Debug|Any CPU
		{69FF93D5-CAF2-4AAF-882A-30BB0B81C5D6}.Debug|Any CPU.Build.0 = Debug|Any CPU
		{69FF93D5-CAF2-4AAF-882A-30BB0B81C5D6}.Release|Any CPU.ActiveCfg = Release|Any CPU
		{69FF93D5-CAF2-4AAF-882A-30BB0B81C5D6}.Release|Any CPU.Build.0 = Release|Any CPU
	EndGlobalSection
	GlobalSection(SolutionProperties) = preSolution
		HideSolutionNode = FALSE
	EndGlobalSection
	GlobalSection(ExtensibilityGlobals) = postSolution
		SolutionGuid = {152B0ADA-B3F0-4AA6-AF36-8020590D9A56}
	EndGlobalSection
EndGlobal
